
Microsoft Visual Studio Solution File, Format Version 12.00
# Visual Studio 14
VisualStudioVersion = 14.0.25420.1
MinimumVisualStudioVersion = 10.0.40219.1
Project("{FAE04EC0-301F-11D3-BF4B-00C04F79EFBC}") = "ClassLib4Net", "ClassLib4Net\ClassLib4Net.csproj", "{9B438953-CDEA-43DA-B4CA-A7C7C3A4BEAD}"
EndProject
Global
	GlobalSection(SolutionConfigurationPlatforms) = preSolution
		Debug|Any CPU = Debug|Any CPU
		Release|Any CPU = Release|Any CPU
	EndGlobalSection
	GlobalSection(ProjectConfigurationPlatforms) = postSolution
		{9B438953-CDEA-43DA-B4CA-A7C7C3A4BEAD}.Debug|Any CPU.ActiveCfg = Debug|Any CPU
		{9B438953-CDEA-43DA-B4CA-A7C7C3A4BEAD}.Debug|Any CPU.Build.0 = Debug|Any CPU
		{9B438953-CDEA-43DA-B4CA-A7C7C3A4BEAD}.Release|Any CPU.ActiveCfg = Release|Any CPU
		{9B438953-CDEA-43DA-B4CA-A7C7C3A4BEAD}.Release|Any CPU.Build.0 = Release|Any CPU
	EndGlobalSection
	GlobalSection(SolutionProperties) = preSolution
		HideSolutionNode = FALSE
	EndGlobalSection
EndGlobal
